
Microsoft Visual Studio Solution File, Format Version 12.00
# Visual Studio Version 17
VisualStudioVersion = 17.7.34024.191
MinimumVisualStudioVersion = 10.0.40219.1
Project("{FAE04EC0-301F-11D3-BF4B-00C04F79EFBC}") = "БарУсм", "БарУсм.csproj", "{F4CB6F05-33BB-4221-93C0-CB60DFCF06D3}"
EndProject
Global
	GlobalSection(SolutionConfigurationPlatforms) = preSolution
		Debug|Any CPU = Debug|Any CPU
		Release|Any CPU = Release|Any CPU
	EndGlobalSection
	GlobalSection(ProjectConfigurationPlatforms) = postSolution
		{F4CB6F05-33BB-4221-93C0-CB60DFCF06D3}.Debug|Any CPU.ActiveCfg = Debug|Any CPU
		{F4CB6F05-33BB-4221-93C0-CB60DFCF06D3}.Debug|Any CPU.Build.0 = Debug|Any CPU
		{F4CB6F05-33BB-4221-93C0-CB60DFCF06D3}.Release|Any CPU.ActiveCfg = Release|Any CPU
		{F4CB6F05-33BB-4221-93C0-CB60DFCF06D3}.Release|Any CPU.Build.0 = Release|Any CPU
	EndGlobalSection
	GlobalSection(SolutionProperties) = preSolution
		HideSolutionNode = FALSE
	EndGlobalSection
	GlobalSection(ExtensibilityGlobals) = postSolution
		SolutionGuid = {5995487B-6493-4BDC-A6C7-252F5DCF5DD7}
	EndGlobalSection
EndGlobal
